// !$*UTF8*$!
{
	archiveVersion = 1;
	classes = {
	};
	objectVersion = 77;
	objects = {

/* Begin PBXContainerItemProxy section */
		6A56498D2CB473C9008D6A09 /* PBXContainerItemProxy */ = {
			isa = PBXContainerItemProxy;
			containerPortal = 6A5649742CB473C8008D6A09 /* Project object */;
			proxyType = 1;
			remoteGlobalIDString = 6A56497B2CB473C8008D6A09;
			remoteInfo = "TabView-Demo";
		};
		6A5649972CB473C9008D6A09 /* PBXContainerItemProxy */ = {
			isa = PBXContainerItemProxy;
			containerPortal = 6A5649742CB473C8008D6A09 /* Project object */;
			proxyType = 1;
			remoteGlobalIDString = 6A56497B2CB473C8008D6A09;
			remoteInfo = "TabView-Demo";
		};
/* End PBXContainerItemProxy section */

/* Begin PBXFileReference section */
		6A56497C2CB473C8008D6A09 /* TabView-Demo.app */ = {isa = PBXFileReference; explicitFileType = wrapper.application; includeInIndex = 0; path = "TabView-Demo.app"; sourceTree = BUILT_PRODUCTS_DIR; };
		6A56498C2CB473C9008D6A09 /* TabView-DemoTests.xctest */ = {isa = PBXFileReference; explicitFileType = wrapper.cfbundle; includeInIndex = 0; path = "TabView-DemoTests.xctest"; sourceTree = BUILT_PRODUCTS_DIR; };
		6A5649962CB473C9008D6A09 /* TabView-DemoUITests.xctest */ = {isa = PBXFileReference; explicitFileType = wrapper.cfbundle; includeInIndex = 0; path = "TabView-DemoUITests.xctest"; sourceTree = BUILT_PRODUCTS_DIR; };
/* End PBXFileReference section */

/* Begin PBXFileSystemSynchronizedRootGroup section */
		6A56497E2CB473C8008D6A09 /* TabView-Demo */ = {
			isa = PBXFileSystemSynchronizedRootGroup;
			path = "TabView-Demo";
			sourceTree = "<group>";
		};
		6A56498F2CB473C9008D6A09 /* TabView-DemoTests */ = {
			isa = PBXFileSystemSynchronizedRootGroup;
			path = "TabView-DemoTests";
			sourceTree = "<group>";
		};
		6A5649992CB473C9008D6A09 /* TabView-DemoUITests */ = {
			isa = PBXFileSystemSynchronizedRootGroup;
			path = "TabView-DemoUITests";
			sourceTree = "<group>";
		};
/* End PBXFileSystemSynchronizedRootGroup section */

/* Begin PBXFrameworksBuildPhase section */
		6A5649792CB473C8008D6A09 /* Frameworks */ = {
			isa = PBXFrameworksBuildPhase;
			buildActionMask = 2147483647;
			files = (
			);
			runOnlyForDeploymentPostprocessing = 0;
		};
		6A5649892CB473C9008D6A09 /* Frameworks */ = {
			isa = PBXFrameworksBuildPhase;
			buildActionMask = 2147483647;
			files = (
			);
			runOnlyForDeploymentPostprocessing = 0;
		};
		6A5649932CB473C9008D6A09 /* Frameworks */ = {
			isa = PBXFrameworksBuildPhase;
			buildActionMask = 2147483647;
			files = (
			);
			runOnlyForDeploymentPostprocessing = 0;
		};
/* End PBXFrameworksBuildPhase section */

/* Begin PBXGroup section */
		6A5649732CB473C8008D6A09 = {
			isa = PBXGroup;
			children = (
				6A56497E2CB473C8008D6A09 /* TabView-Demo */,
				6A56498F2CB473C9008D6A09 /* TabView-DemoTests */,
				6A5649992CB473C9008D6A09 /* TabView-DemoUITests */,
				6A56497D2CB473C8008D6A09 /* Products */,
			);
			sourceTree = "<group>";
		};
		6A56497D2CB473C8008D6A09 /* Products */ = {
			isa = PBXGroup;
			children = (
				6A56497C2CB473C8008D6A09 /* TabView-Demo.app */,
				6A56498C2CB473C9008D6A09 /* TabView-DemoTests.xctest */,
				6A5649962CB473C9008D6A09 /* TabView-DemoUITests.xctest */,
			);
			name = Products;
			sourceTree = "<group>";
		};
/* End PBXGroup section */

/* Begin PBXNativeTarget section */
		6A56497B2CB473C8008D6A09 /* TabView-Demo */ = {
			isa = PBXNativeTarget;
			buildConfigurationList = 6A5649A02CB473C9008D6A09 /* Build configuration list for PBXNativeTarget "TabView-Demo" */;
			buildPhases = (
				6A5649782CB473C8008D6A09 /* Sources */,
				6A5649792CB473C8008D6A09 /* Frameworks */,
				6A56497A2CB473C8008D6A09 /* Resources */,
			);
			buildRules = (
			);
			dependencies = (
			);
			fileSystemSynchronizedGroups = (
				6A56497E2CB473C8008D6A09 /* TabView-Demo */,
			);
			name = "TabView-Demo";
			packageProductDependencies = (
			);
			productName = "TabView-Demo";
			productReference = 6A56497C2CB473C8008D6A09 /* TabView-Demo.app */;
			productType = "com.apple.product-type.application";
		};
		6A56498B2CB473C9008D6A09 /* TabView-DemoTests */ = {
			isa = PBXNativeTarget;
			buildConfigurationList = 6A5649A32CB473C9008D6A09 /* Build configuration list for PBXNativeTarget "TabView-DemoTests" */;
			buildPhases = (
				6A5649882CB473C9008D6A09 /* Sources */,
				6A5649892CB473C9008D6A09 /* Frameworks */,
				6A56498A2CB473C9008D6A09 /* Resources */,
			);
			buildRules = (
			);
			dependencies = (
				6A56498E2CB473C9008D6A09 /* PBXTargetDependency */,
			);
			fileSystemSynchronizedGroups = (
				6A56498F2CB473C9008D6A09 /* TabView-DemoTests */,
			);
			name = "TabView-DemoTests";
			packageProductDependencies = (
			);
			productName = "TabView-DemoTests";
			productReference = 6A56498C2CB473C9008D6A09 /* TabView-DemoTests.xctest */;
			productType = "com.apple.product-type.bundle.unit-test";
		};
		6A5649952CB473C9008D6A09 /* TabView-DemoUITests */ = {
			isa = PBXNativeTarget;
			buildConfigurationList = 6A5649A62CB473C9008D6A09 /* Build configuration list for PBXNativeTarget "TabView-DemoUITests" */;
			buildPhases = (
				6A5649922CB473C9008D6A09 /* Sources */,
				6A5649932CB473C9008D6A09 /* Frameworks */,
				6A5649942CB473C9008D6A09 /* Resources */,
			);
			buildRules = (
			);
			dependencies = (
				6A5649982CB473C9008D6A09 /* PBXTargetDependency */,
			);
			fileSystemSynchronizedGroups = (
				6A5649992CB473C9008D6A09 /* TabView-DemoUITests */,
			);
			name = "TabView-DemoUITests";
			packageProductDependencies = (
			);
			productName = "TabView-DemoUITests";
			productReference = 6A5649962CB473C9008D6A09 /* TabView-DemoUITests.xctest */;
			productType = "com.apple.product-type.bundle.ui-testing";
		};
/* End PBXNativeTarget section */

/* Begin PBXProject section */
		6A5649742CB473C8008D6A09 /* Project object */ = {
			isa = PBXProject;
			attributes = {
				BuildIndependentTargetsInParallel = 1;
				LastSwiftUpdateCheck = 1600;
				LastUpgradeCheck = 1600;
				TargetAttributes = {
					6A56497B2CB473C8008D6A09 = {
						CreatedOnToolsVersion = 16.0;
					};
					6A56498B2CB473C9008D6A09 = {
						CreatedOnToolsVersion = 16.0;
						TestTargetID = 6A56497B2CB473C8008D6A09;
					};
					6A5649952CB473C9008D6A09 = {
						CreatedOnToolsVersion = 16.0;
						TestTargetID = 6A56497B2CB473C8008D6A09;
					};
				};
			};
			buildConfigurationList = 6A5649772CB473C8008D6A09 /* Build configuration list for PBXProject "TabView-Demo" */;
			developmentRegion = en;
			hasScannedForEncodings = 0;
			knownRegions = (
				en,
				Base,
			);
			mainGroup = 6A5649732CB473C8008D6A09;
			minimizedProjectReferenceProxies = 1;
			preferredProjectObjectVersion = 77;
			productRefGroup = 6A56497D2CB473C8008D6A09 /* Products */;
			projectDirPath = "";
			projectRoot = "";
			targets = (
				6A56497B2CB473C8008D6A09 /* TabView-Demo */,
				6A56498B2CB473C9008D6A09 /* TabView-DemoTests */,
				6A5649952CB473C9008D6A09 /* TabView-DemoUITests */,
			);
		};
/* End PBXProject section */

/* Begin PBXResourcesBuildPhase section */
		6A56497A2CB473C8008D6A09 /* Resources */ = {
			isa = PBXResourcesBuildPhase;
			buildActionMask = 2147483647;
			files = (
			);
			runOnlyForDeploymentPostprocessing = 0;
		};
		6A56498A2CB473C9008D6A09 /* Resources */ = {
			isa = PBXResourcesBuildPhase;
			buildActionMask = 2147483647;
			files = (
			);
			runOnlyForDeploymentPostprocessing = 0;
		};
		6A5649942CB473C9008D6A09 /* Resources */ = {
			isa = PBXResourcesBuildPhase;
			buildActionMask = 2147483647;
			files = (
			);
			runOnlyForDeploymentPostprocessing = 0;
		};
/* End PBXResourcesBuildPhase section */

/* Begin PBXSourcesBuildPhase section */
		6A5649782CB473C8008D6A09 /* Sources */ = {
			isa = PBXSourcesBuildPhase;
			buildActionMask = 2147483647;
			files = (
			);
			runOnlyForDeploymentPostprocessing = 0;
		};
		6A5649882CB473C9008D6A09 /* Sources */ = {
			isa = PBXSourcesBuildPhase;
			buildActionMask = 2147483647;
			files = (
			);
			runOnlyForDeploymentPostprocessing = 0;
		};
		6A5649922CB473C9008D6A09 /* Sources */ = {
			isa = PBXSourcesBuildPhase;
			buildActionMask = 2147483647;
			files = (
			);
			runOnlyForDeploymentPostprocessing = 0;
		};
/* End PBXSourcesBuildPhase section */

/* Begin PBXTargetDependency section */
		6A56498E2CB473C9008D6A09 /* PBXTargetDependency */ = {
			isa = PBXTargetDependency;
			target = 6A56497B2CB473C8008D6A09 /* TabView-Demo */;
			targetProxy = 6A56498D2CB473C9008D6A09 /* PBXContainerItemProxy */;
		};
		6A5649982CB473C9008D6A09 /* PBXTargetDependency */ = {
			isa = PBXTargetDependency;
			target = 6A56497B2CB473C8008D6A09 /* TabView-Demo */;
			targetProxy = 6A5649972CB473C9008D6A09 /* PBXContainerItemProxy */;
		};
/* End PBXTargetDependency section */

/* Begin XCBuildConfiguration section */
		6A56499E2CB473C9008D6A09 /* Debug */ = {
			isa = XCBuildConfiguration;
			buildSettings = {
				ALWAYS_SEARCH_USER_PATHS = NO;
				ASSETCATALOG_COMPILER_GENERATE_SWIFT_ASSET_SYMBOL_EXTENSIONS = YES;
				CLANG_ANALYZER_NONNULL = YES;
				CLANG_ANALYZER_NUMBER_OBJECT_CONVERSION = YES_AGGRESSIVE;
				CLANG_CXX_LANGUAGE_STANDARD = "gnu++20";
				CLANG_ENABLE_MODULES = YES;
				CLANG_ENABLE_OBJC_ARC = YES;
				CLANG_ENABLE_OBJC_WEAK = YES;
				CLANG_WARN_BLOCK_CAPTURE_AUTORELEASING = YES;
				CLANG_WARN_BOOL_CONVERSION = YES;
				CLANG_WARN_COMMA = YES;
				CLANG_WARN_CONSTANT_CONVERSION = YES;
				CLANG_WARN_DEPRECATED_OBJC_IMPLEMENTATIONS = YES;
				CLANG_WARN_DIRECT_OBJC_ISA_USAGE = YES_ERROR;
				CLANG_WARN_DOCUMENTATION_COMMENTS = YES;
				CLANG_WARN_EMPTY_BODY = YES;
				CLANG_WARN_ENUM_CONVERSION = YES;
				CLANG_WARN_INFINITE_RECURSION = YES;
				CLANG_WARN_INT_CONVERSION = YES;
				CLANG_WARN_NON_LITERAL_NULL_CONVERSION = YES;
				CLANG_WARN_OBJC_IMPLICIT_RETAIN_SELF = YES;
				CLANG_WARN_OBJC_LITERAL_CONVERSION = YES;
				CLANG_WARN_OBJC_ROOT_CLASS = YES_ERROR;
				CLANG_WARN_QUOTED_INCLUDE_IN_FRAMEWORK_HEADER = YES;
				CLANG_WARN_RANGE_LOOP_ANALYSIS = YES;
				CLANG_WARN_STRICT_PROTOTYPES = YES;
				CLANG_WARN_SUSPICIOUS_MOVE = YES;
				CLANG_WARN_UNGUARDED_AVAILABILITY = YES_AGGRESSIVE;
				CLANG_WARN_UNREACHABLE_CODE = YES;
				CLANG_WARN__DUPLICATE_METHOD_MATCH = YES;
				COPY_PHASE_STRIP = NO;
				DEBUG_INFORMATION_FORMAT = dwarf;
				ENABLE_STRICT_OBJC_MSGSEND = YES;
				ENABLE_TESTABILITY = YES;
				ENABLE_USER_SCRIPT_SANDBOXING = YES;
				GCC_C_LANGUAGE_STANDARD = gnu17;
				GCC_DYNAMIC_NO_PIC = NO;
				GCC_NO_COMMON_BLOCKS = YES;
				GCC_OPTIMIZATION_LEVEL = 0;
				GCC_PREPROCESSOR_DEFINITIONS = (
					"DEBUG=1",
					"$(inherited)",
				);
				GCC_WARN_64_TO_32_BIT_CONVERSION = YES;
				GCC_WARN_ABOUT_RETURN_TYPE = YES_ERROR;
				GCC_WARN_UNDECLARED_SELECTOR = YES;
				GCC_WARN_UNINITIALIZED_AUTOS = YES_AGGRESSIVE;
				GCC_WARN_UNUSED_FUNCTION = YES;
				GCC_WARN_UNUSED_VARIABLE = YES;
				IPHONEOS_DEPLOYMENT_TARGET = 18.0;
				LOCALIZATION_PREFERS_STRING_CATALOGS = YES;
				MTL_ENABLE_DEBUG_INFO = INCLUDE_SOURCE;
				MTL_FAST_MATH = YES;
				ONLY_ACTIVE_ARCH = YES;
				SDKROOT = iphoneos;
				SWIFT_ACTIVE_COMPILATION_CONDITIONS = "DEBUG $(inherited)";
				SWIFT_OPTIMIZATION_LEVEL = "-Onone";
			};
			name = Debug;
		};
		6A56499F2CB473C9008D6A09 /* Release */ = {
			isa = XCBuildConfiguration;
			buildSettings = {
				ALWAYS_SEARCH_USER_PATHS = NO;
				ASSETCATALOG_COMPILER_GENERATE_SWIFT_ASSET_SYMBOL_EXTENSIONS = YES;
				CLANG_ANALYZER_NONNULL = YES;
				CLANG_ANALYZER_NUMBER_OBJECT_CONVERSION = YES_AGGRESSIVE;
				CLANG_CXX_LANGUAGE_STANDARD = "gnu++20";
				CLANG_ENABLE_MODULES = YES;
				CLANG_ENABLE_OBJC_ARC = YES;
				CLANG_ENABLE_OBJC_WEAK = YES;
				CLANG_WARN_BLOCK_CAPTURE_AUTORELEASING = YES;
				CLANG_WARN_BOOL_CONVERSION = YES;
				CLANG_WARN_COMMA = YES;
				CLANG_WARN_CONSTANT_CONVERSION = YES;
				CLANG_WARN_DEPRECATED_OBJC_IMPLEMENTATIONS = YES;
				CLANG_WARN_DIRECT_OBJC_ISA_USAGE = YES_ERROR;
				CLANG_WARN_DOCUMENTATION_COMMENTS = YES;
				CLANG_WARN_EMPTY_BODY = YES;
				CLANG_WARN_ENUM_CONVERSION = YES;
				CLANG_WARN_INFINITE_RECURSION = YES;
				CLANG_WARN_INT_CONVERSION = YES;
				CLANG_WARN_NON_LITERAL_NULL_CONVERSION = YES;
				CLANG_WARN_OBJC_IMPLICIT_RETAIN_SELF = YES;
				CLANG_WARN_OBJC_LITERAL_CONVERSION = YES;
				CLANG_WARN_OBJC_ROOT_CLASS = YES_ERROR;
				CLANG_WARN_QUOTED_INCLUDE_IN_FRAMEWORK_HEADER = YES;
				CLANG_WARN_RANGE_LOOP_ANALYSIS = YES;
				CLANG_WARN_STRICT_PROTOTYPES = YES;
				CLANG_WARN_SUSPICIOUS_MOVE = YES;
				CLANG_WARN_UNGUARDED_AVAILABILITY = YES_AGGRESSIVE;
				CLANG_WARN_UNREACHABLE_CODE = YES;
				CLANG_WARN__DUPLICATE_METHOD_MATCH = YES;
				COPY_PHASE_STRIP = NO;
				DEBUG_INFORMATION_FORMAT = "dwarf-with-dsym";
				ENABLE_NS_ASSERTIONS = NO;
				ENABLE_STRICT_OBJC_MSGSEND = YES;
				ENABLE_USER_SCRIPT_SANDBOXING = YES;
				GCC_C_LANGUAGE_STANDARD = gnu17;
				GCC_NO_COMMON_BLOCKS = YES;
				GCC_WARN_64_TO_32_BIT_CONVERSION = YES;
				GCC_WARN_ABOUT_RETURN_TYPE = YES_ERROR;
				GCC_WARN_UNDECLARED_SELECTOR = YES;
				GCC_WARN_UNINITIALIZED_AUTOS = YES_AGGRESSIVE;
				GCC_WARN_UNUSED_FUNCTION = YES;
				GCC_WARN_UNUSED_VARIABLE = YES;
				IPHONEOS_DEPLOYMENT_TARGET = 18.0;
				LOCALIZATION_PREFERS_STRING_CATALOGS = YES;
				MTL_ENABLE_DEBUG_INFO = NO;
				MTL_FAST_MATH = YES;
				SDKROOT = iphoneos;
				SWIFT_COMPILATION_MODE = wholemodule;
				VALIDATE_PRODUCT = YES;
			};
			name = Release;
		};
		6A5649A12CB473C9008D6A09 /* Debug */ = {
			isa = XCBuildConfiguration;
			buildSettings = {
				ASSETCATALOG_COMPILER_APPICON_NAME = AppIcon;
				ASSETCATALOG_COMPILER_GLOBAL_ACCENT_COLOR_NAME = AccentColor;
				CODE_SIGN_STYLE = Automatic;
				CURRENT_PROJECT_VERSION = 1;
				DEVELOPMENT_ASSET_PATHS = "\"TabView-Demo/Preview Content\"";
				ENABLE_PREVIEWS = YES;
				GENERATE_INFOPLIST_FILE = YES;
				INFOPLIST_KEY_UIApplicationSceneManifest_Generation = YES;
				INFOPLIST_KEY_UIApplicationSupportsIndirectInputEvents = YES;
				INFOPLIST_KEY_UILaunchScreen_Generation = YES;
				INFOPLIST_KEY_UISupportedInterfaceOrientations_iPad = "UIInterfaceOrientationPortrait UIInterfaceOrientationPortraitUpsideDown UIInterfaceOrientationLandscapeLeft UIInterfaceOrientationLandscapeRight";
				INFOPLIST_KEY_UISupportedInterfaceOrientations_iPhone = "UIInterfaceOrientationPortrait UIInterfaceOrientationLandscapeLeft UIInterfaceOrientationLandscapeRight";
				LD_RUNPATH_SEARCH_PATHS = (
					"$(inherited)",
					"@executable_path/Frameworks",
				);
				MARKETING_VERSION = 1.0;
				PRODUCT_BUNDLE_IDENTIFIER = "name.soumya.TabView-Demo";
				PRODUCT_NAME = "$(TARGET_NAME)";
				SWIFT_EMIT_LOC_STRINGS = YES;
				SWIFT_VERSION = 5.0;
				TARGETED_DEVICE_FAMILY = "1,2";
			};
			name = Debug;
		};
		6A5649A22CB473C9008D6A09 /* Release */ = {
			isa = XCBuildConfiguration;
			buildSettings = {
				ASSETCATALOG_COMPILER_APPICON_NAME = AppIcon;
				ASSETCATALOG_COMPILER_GLOBAL_ACCENT_COLOR_NAME = AccentColor;
				CODE_SIGN_STYLE = Automatic;
				CURRENT_PROJECT_VERSION = 1;
				DEVELOPMENT_ASSET_PATHS = "\"TabView-Demo/Preview Content\"";
				ENABLE_PREVIEWS = YES;
				GENERATE_INFOPLIST_FILE = YES;
				INFOPLIST_KEY_UIApplicationSceneManifest_Generation = YES;
				INFOPLIST_KEY_UIApplicationSupportsIndirectInputEvents = YES;
				INFOPLIST_KEY_UILaunchScreen_Generation = YES;
				INFOPLIST_KEY_UISupportedInterfaceOrientations_iPad = "UIInterfaceOrientationPortrait UIInterfaceOrientationPortraitUpsideDown UIInterfaceOrientationLandscapeLeft UIInterfaceOrientationLandscapeRight";
				INFOPLIST_KEY_UISupportedInterfaceOrientations_iPhone = "UIInterfaceOrientationPortrait UIInterfaceOrientationLandscapeLeft UIInterfaceOrientationLandscapeRight";
				LD_RUNPATH_SEARCH_PATHS = (
					"$(inherited)",
					"@executable_path/Frameworks",
				);
				MARKETING_VERSION = 1.0;
				PRODUCT_BUNDLE_IDENTIFIER = "name.soumya.TabView-Demo";
				PRODUCT_NAME = "$(TARGET_NAME)";
				SWIFT_EMIT_LOC_STRINGS = YES;
				SWIFT_VERSION = 5.0;
				TARGETED_DEVICE_FAMILY = "1,2";
			};
			name = Release;
		};
		6A5649A42CB473C9008D6A09 /* Debug */ = {
			isa = XCBuildConfiguration;
			buildSettings = {
				BUNDLE_LOADER = "$(TEST_HOST)";
				CODE_SIGN_STYLE = Automatic;
				CURRENT_PROJECT_VERSION = 1;
				GENERATE_INFOPLIST_FILE = YES;
				IPHONEOS_DEPLOYMENT_TARGET = 18.0;
				MARKETING_VERSION = 1.0;
				PRODUCT_BUNDLE_IDENTIFIER = "name.soumya.TabView-DemoTests";
				PRODUCT_NAME = "$(TARGET_NAME)";
				SWIFT_EMIT_LOC_STRINGS = NO;
				SWIFT_VERSION = 5.0;
				TARGETED_DEVICE_FAMILY = "1,2";
				TEST_HOST = "$(BUILT_PRODUCTS_DIR)/TabView-Demo.app/$(BUNDLE_EXECUTABLE_FOLDER_PATH)/TabView-Demo";
			};
			name = Debug;
		};
		6A5649A52CB473C9008D6A09 /* Release */ = {
			isa = XCBuildConfiguration;
			buildSettings = {
				BUNDLE_LOADER = "$(TEST_HOST)";
				CODE_SIGN_STYLE = Automatic;
				CURRENT_PROJECT_VERSION = 1;
				GENERATE_INFOPLIST_FILE = YES;
				IPHONEOS_DEPLOYMENT_TARGET = 18.0;
				MARKETING_VERSION = 1.0;
				PRODUCT_BUNDLE_IDENTIFIER = "name.soumya.TabView-DemoTests";
				PRODUCT_NAME = "$(TARGET_NAME)";
				SWIFT_EMIT_LOC_STRINGS = NO;
				SWIFT_VERSION = 5.0;
				TARGETED_DEVICE_FAMILY = "1,2";
				TEST_HOST = "$(BUILT_PRODUCTS_DIR)/TabView-Demo.app/$(BUNDLE_EXECUTABLE_FOLDER_PATH)/TabView-Demo";
			};
			name = Release;
		};
		6A5649A72CB473C9008D6A09 /* Debug */ = {
			isa = XCBuildConfiguration;
			buildSettings = {
				CODE_SIGN_STYLE = Automatic;
				CURRENT_PROJECT_VERSION = 1;
				GENERATE_INFOPLIST_FILE = YES;
				MARKETING_VERSION = 1.0;
				PRODUCT_BUNDLE_IDENTIFIER = "name.soumya.TabView-DemoUITests";
				PRODUCT_NAME = "$(TARGET_NAME)";
				SWIFT_EMIT_LOC_STRINGS = NO;
				SWIFT_VERSION = 5.0;
				TARGETED_DEVICE_FAMILY = "1,2";
				TEST_TARGET_NAME = "TabView-Demo";
			};
			name = Debug;
		};
		6A5649A82CB473C9008D6A09 /* Release */ = {
			isa = XCBuildConfiguration;
			buildSettings = {
				CODE_SIGN_STYLE = Automatic;
				CURRENT_PROJECT_VERSION = 1;
				GENERATE_INFOPLIST_FILE = YES;
				MARKETING_VERSION = 1.0;
				PRODUCT_BUNDLE_IDENTIFIER = "name.soumya.TabView-DemoUITests";
				PRODUCT_NAME = "$(TARGET_NAME)";
				SWIFT_EMIT_LOC_STRINGS = NO;
				SWIFT_VERSION = 5.0;
				TARGETED_DEVICE_FAMILY = "1,2";
				TEST_TARGET_NAME = "TabView-Demo";
			};
			name = Release;
		};
/* End XCBuildConfiguration section */

/* Begin XCConfigurationList section */
		6A5649772CB473C8008D6A09 /* Build configuration list for PBXProject "TabView-Demo" */ = {
			isa = XCConfigurationList;
			buildConfigurations = (
				6A56499E2CB473C9008D6A09 /* Debug */,
				6A56499F2CB473C9008D6A09 /* Release */,
			);
			defaultConfigurationIsVisible = 0;
			defaultConfigurationName = Release;
		};
		6A5649A02CB473C9008D6A09 /* Build configuration list for PBXNativeTarget "TabView-Demo" */ = {
			isa = XCConfigurationList;
			buildConfigurations = (
				6A5649A12CB473C9008D6A09 /* Debug */,
				6A5649A22CB473C9008D6A09 /* Release */,
			);
			defaultConfigurationIsVisible = 0;
			defaultConfigurationName = Release;
		};
		6A5649A32CB473C9008D6A09 /* Build configuration list for PBXNativeTarget "TabView-DemoTests" */ = {
			isa = XCConfigurationList;
			buildConfigurations = (
				6A5649A42CB473C9008D6A09 /* Debug */,
				6A5649A52CB473C9008D6A09 /* Release */,
			);
			defaultConfigurationIsVisible = 0;
			defaultConfigurationName = Release;
		};
		6A5649A62CB473C9008D6A09 /* Build configuration list for PBXNativeTarget "TabView-DemoUITests" */ = {
			isa = XCConfigurationList;
			buildConfigurations = (
				6A5649A72CB473C9008D6A09 /* Debug */,
				6A5649A82CB473C9008D6A09 /* Release */,
			);
			defaultConfigurationIsVisible = 0;
			defaultConfigurationName = Release;
		};
/* End XCConfigurationList section */
	};
	rootObject = 6A5649742CB473C8008D6A09 /* Project object */;
}
